<?xml version="1.0" encoding="utf-8"?>
<Project ToolsVersion="4.0" xmlns="http://schemas.microsoft.com/developer/msbuild/2003">
  <ItemGroup>
    <Filter Include="Source Files">
      <UniqueIdentifier>{4FC737F1-C7A5-4376-A066-2A32D752A2FF}</UniqueIdentifier>
      <Extensions>cpp;c;cc;cxx;c++;cppm;ixx;def;odl;idl;hpj;bat;asm;asmx</Extensions>
    </Filter>
    <Filter Include="Header Files">
      <UniqueIdentifier>{93995380-89BD-4b04-88EB-625FBE52EBFB}</UniqueIdentifier>
      <Extensions>h;hh;hpp;hxx;h++;hm;inl;inc;ipp;xsd</Extensions>
    </Filter>
    <Filter Include="Resource Files">
      <UniqueIdentifier>{67DA6AB6-F800-4c08-8B7A-83BB121AAD01}</UniqueIdentifier>
      <Extensions>rc;ico;cur;bmp;dlg;rc2;rct;bin;rgs;gif;jpg;jpeg;jpe;resx;tiff;tif;png;wav;mfcribbon-ms</Extensions>
    </Filter>
    <Filter Include="Scenes">
      <UniqueIdentifier>{027a1c90-cf08-4dc1-b082-d9edda898e13}</UniqueIdentifier>
    </Filter>
    <Filter Include="Commands">
      <UniqueIdentifier>{f04cfc0e-6107-4899-8c49-fdd79d6b7fea}</UniqueIdentifier>
    </Filter>
    <Filter Include="Level">
      <UniqueIdentifier>{b8a613eb-50a3-451b-8ecf-7c151aabb501}</UniqueIdentifier>
    </Filter>
    <Filter Include="Components">
      <UniqueIdentifier>{27006313-8d7d-4a48-a997-c9a7f1b0c86b}</UniqueIdentifier>
    </Filter>
    <Filter Include="Observers">
      <UniqueIdentifier>{8a982b9a-34a0-4e60-a4ac-a62d29c210b1}</UniqueIdentifier>
    </Filter>
    <Filter Include="UI">
      <UniqueIdentifier>{f594eba1-e0bb-4773-a9ba-a05340d79f1e}</UniqueIdentifier>
    </Filter>
  </ItemGroup>
  <ItemGroup>
    <ClCompile Include="GameThanol.cpp">
      <Filter>Source Files</Filter>
    </ClCompile>
    <ClCompile Include="QBertGame.cpp">
      <Filter>Source Files</Filter>
    </ClCompile>
    <ClCompile Include="QBertScene.cpp">
      <Filter>Scenes</Filter>
    </ClCompile>
    <ClCompile Include="MainMenu.cpp">
      <Filter>Scenes</Filter>
    </ClCompile>
    <ClCompile Include="ToSceneCommand.cpp">
      <Filter>Commands</Filter>
    </ClCompile>
    <ClCompile Include="HexComponent.cpp">
      <Filter>Components</Filter>
    </ClCompile>
    <ClCompile Include="HexGrid.cpp">
      <Filter>Level</Filter>
    </ClCompile>
    <ClCompile Include="JumpToHexCommand.cpp">
      <Filter>Commands</Filter>
    </ClCompile>
    <ClCompile Include="HexJumpComponent.cpp">
      <Filter>Components</Filter>
    </ClCompile>
    <ClCompile Include="GameOverMenu.cpp">
      <Filter>Scenes</Filter>
    </ClCompile>
    <ClCompile Include="EndGameObserver.cpp">
      <Filter>Observers</Filter>
    </ClCompile>
    <ClCompile Include="MenuButton.cpp">
      <Filter>UI</Filter>
    </ClCompile>
    <ClCompile Include="QBertAnimationObserver.cpp">
      <Filter>Observers</Filter>
    </ClCompile>
    <ClCompile Include="NextLevelObserver.cpp">
      <Filter>Observers</Filter>
    </ClCompile>
    <ClCompile Include="LevelTwo.cpp">
      <Filter>Scenes</Filter>
    </ClCompile>
    <ClCompile Include="LevelOne.cpp">
      <Filter>Scenes</Filter>
    </ClCompile>
    <ClCompile Include="LevelThree.cpp">
      <Filter>Scenes</Filter>
    </ClCompile>
    <ClCompile Include="WinGameObserver.cpp">
      <Filter>Observers</Filter>
    </ClCompile>
    <ClCompile Include="WinningGameMenu.cpp">
      <Filter>Scenes</Filter>
    </ClCompile>
    <ClCompile Include="DiskComponent.cpp">
      <Filter>Components</Filter>
    </ClCompile>
  </ItemGroup>
  <ItemGroup>
    <ClInclude Include="QBertGame.h">
      <Filter>Header Files</Filter>
    </ClInclude>
    <ClInclude Include="QBertScene.h">
      <Filter>Scenes</Filter>
    </ClInclude>
    <ClInclude Include="MainMenu.h">
      <Filter>Scenes</Filter>
    </ClInclude>
    <ClInclude Include="ToSceneCommand.h">
      <Filter>Commands</Filter>
    </ClInclude>
    <ClInclude Include="HexComponent.h">
      <Filter>Components</Filter>
    </ClInclude>
    <ClInclude Include="HexGrid.h">
      <Filter>Level</Filter>
    </ClInclude>
    <ClInclude Include="JumpToHexCommand.h">
      <Filter>Commands</Filter>
    </ClInclude>
    <ClInclude Include="HexJumpComponent.h">
      <Filter>Components</Filter>
    </ClInclude>
    <ClInclude Include="GameOverMenu.h">
      <Filter>Scenes</Filter>
    </ClInclude>
    <ClInclude Include="EndGameObserver.h">
      <Filter>Observers</Filter>
    </ClInclude>
    <ClInclude Include="MenuButton.h">
      <Filter>UI</Filter>
    </ClInclude>
    <ClInclude Include="QBertAnimationObserver.h">
      <Filter>Observers</Filter>
    </ClInclude>
    <ClInclude Include="NextLevelObserver.h">
      <Filter>Observers</Filter>
    </ClInclude>
    <ClInclude Include="LevelTwo.h">
      <Filter>Scenes</Filter>
    </ClInclude>
    <ClInclude Include="LevelOne.h">
      <Filter>Scenes</Filter>
    </ClInclude>
    <ClInclude Include="LevelThree.h">
      <Filter>Scenes</Filter>
    </ClInclude>
    <ClInclude Include="WinGameObserver.h">
      <Filter>Observers</Filter>
    </ClInclude>
    <ClInclude Include="WinningGameMenu.h">
      <Filter>Scenes</Filter>
    </ClInclude>
    <ClInclude Include="DiskComponent.h">
      <Filter>Components</Filter>
    </ClInclude>
    <ClInclude Include="GameScores.h">
      <Filter>Level</Filter>
    </ClInclude>
    <ClInclude Include="HexCoordinate.h">
      <Filter>Level</Filter>
    </ClInclude>
    <ClInclude Include="Colors.h">
      <Filter>Header Files</Filter>
    </ClInclude>
  </ItemGroup>
</Project>