<?xml version="1.0" encoding="utf-8"?>
<Project ToolsVersion="4.0" xmlns="http://schemas.microsoft.com/developer/msbuild/2003">
  <ItemGroup>
    <Filter Include="Source Files">
      <UniqueIdentifier>{4FC737F1-C7A5-4376-A066-2A32D752A2FF}</UniqueIdentifier>
      <Extensions>cpp;c;cc;cxx;def;odl;idl;hpj;bat;asm;asmx</Extensions>
    </Filter>
    <Filter Include="Header Files">
      <UniqueIdentifier>{93995380-89BD-4b04-88EB-625FBE52EBFB}</UniqueIdentifier>
      <Extensions>h;hh;hpp;hxx;hm;inl;inc;xsd</Extensions>
    </Filter>
    <Filter Include="Resource Files">
      <UniqueIdentifier>{67DA6AB6-F800-4c08-8B7A-83BB121AAD01}</UniqueIdentifier>
      <Extensions>rc;ico;cur;bmp;dlg;rc2;rct;bin;rgs;gif;jpg;jpeg;jpe;resx;tiff;tif;png;wav;mfcribbon-ms</Extensions>
    </Filter>
    <Filter Include="Component Files">
      <UniqueIdentifier>{a1713d2d-f52f-429c-9c2d-722dc780ea40}</UniqueIdentifier>
    </Filter>
    <Filter Include="imgui">
      <UniqueIdentifier>{ef083050-dbf6-43f1-a98b-5d0ec1267242}</UniqueIdentifier>
    </Filter>
    <Filter Include="Input">
      <UniqueIdentifier>{2095795b-8469-49bd-a0dd-257b533497b9}</UniqueIdentifier>
    </Filter>
    <Filter Include="Observers">
      <UniqueIdentifier>{87252fb2-2924-494e-8d7e-7284698b049f}</UniqueIdentifier>
    </Filter>
    <Filter Include="Sound">
      <UniqueIdentifier>{27980843-0c32-4c8c-b126-de2f5c7bdeb9}</UniqueIdentifier>
    </Filter>
    <Filter Include="Helpers">
      <UniqueIdentifier>{98504d4d-cfb9-4e2b-85e9-f60915d83a4f}</UniqueIdentifier>
    </Filter>
    <Filter Include="ServiceLocators">
      <UniqueIdentifier>{5627ba74-322c-4a04-b0f2-4c3068fd335e}</UniqueIdentifier>
    </Filter>
  </ItemGroup>
  <ItemGroup>
    <ClInclude Include="TonicEnginePCH.h">
      <Filter>Header Files</Filter>
    </ClInclude>
    <ClInclude Include="Singleton.h">
      <Filter>Header Files</Filter>
    </ClInclude>
    <ClInclude Include="ResourceManager.h">
      <Filter>Header Files</Filter>
    </ClInclude>
    <ClInclude Include="Renderer.h">
      <Filter>Header Files</Filter>
    </ClInclude>
    <ClInclude Include="Texture2D.h">
      <Filter>Header Files</Filter>
    </ClInclude>
    <ClInclude Include="GameObject.h">
      <Filter>Header Files</Filter>
    </ClInclude>
    <ClInclude Include="Transform.h">
      <Filter>Header Files</Filter>
    </ClInclude>
    <ClInclude Include="Scene.h">
      <Filter>Header Files</Filter>
    </ClInclude>
    <ClInclude Include="SceneManager.h">
      <Filter>Header Files</Filter>
    </ClInclude>
    <ClInclude Include="SceneObject.h">
      <Filter>Header Files</Filter>
    </ClInclude>
    <ClInclude Include="Font.h">
      <Filter>Header Files</Filter>
    </ClInclude>
    <ClInclude Include="TonicEngine.h">
      <Filter>Header Files</Filter>
    </ClInclude>
    <ClInclude Include="Component.h">
      <Filter>Component Files</Filter>
    </ClInclude>
    <ClInclude Include="FPSComponent.h">
      <Filter>Component Files</Filter>
    </ClInclude>
    <ClInclude Include="RenderComponent.h">
      <Filter>Component Files</Filter>
    </ClInclude>
    <ClInclude Include="TextComponent.h">
      <Filter>Component Files</Filter>
    </ClInclude>
    <ClInclude Include="ImageComponent.h">
      <Filter>Component Files</Filter>
    </ClInclude>
    <ClInclude Include="..\3rdParty\imgui-1.81\imconfig.h">
      <Filter>imgui</Filter>
    </ClInclude>
    <ClInclude Include="..\3rdParty\imgui-1.81\imgui.h">
      <Filter>imgui</Filter>
    </ClInclude>
    <ClInclude Include="..\3rdParty\imgui-1.81\imgui_internal.h">
      <Filter>imgui</Filter>
    </ClInclude>
    <ClInclude Include="..\3rdParty\imgui-1.81\imstb_rectpack.h">
      <Filter>imgui</Filter>
    </ClInclude>
    <ClInclude Include="..\3rdParty\imgui-1.81\imstb_textedit.h">
      <Filter>imgui</Filter>
    </ClInclude>
    <ClInclude Include="..\3rdParty\imgui-1.81\imstb_truetype.h">
      <Filter>imgui</Filter>
    </ClInclude>
    <ClInclude Include="..\3rdParty\imgui-1.81\backends\imgui_impl_opengl2.h">
      <Filter>imgui</Filter>
    </ClInclude>
    <ClInclude Include="..\3rdParty\imgui-1.81\backends\imgui_impl_sdl.h">
      <Filter>imgui</Filter>
    </ClInclude>
    <ClInclude Include="InputManager.h">
      <Filter>Input</Filter>
    </ClInclude>
    <ClInclude Include="Command.h">
      <Filter>Input</Filter>
    </ClInclude>
    <ClInclude Include="CharacterComponent.h">
      <Filter>Component Files</Filter>
    </ClInclude>
    <ClInclude Include="Observer.h">
      <Filter>Observers</Filter>
    </ClInclude>
    <ClInclude Include="Subject.h">
      <Filter>Observers</Filter>
    </ClInclude>
    <ClInclude Include="HealthComponent.h">
      <Filter>Component Files</Filter>
    </ClInclude>
    <ClInclude Include="HealthDisplay.h">
      <Filter>Observers</Filter>
    </ClInclude>
    <ClInclude Include="ScoreDisplay.h">
      <Filter>Observers</Filter>
    </ClInclude>
    <ClInclude Include="AudioSystem.h">
      <Filter>Sound</Filter>
    </ClInclude>
    <ClInclude Include="Event.h">
      <Filter>Helpers</Filter>
    </ClInclude>
    <ClInclude Include="SDLAudio.h">
      <Filter>Sound</Filter>
    </ClInclude>
    <ClInclude Include="AudioLocator.h">
      <Filter>ServiceLocators</Filter>
    </ClInclude>
    <ClInclude Include="NullAudio.h">
      <Filter>Sound</Filter>
    </ClInclude>
    <ClInclude Include="LogAudio.h">
      <Filter>Sound</Filter>
    </ClInclude>
  </ItemGroup>
  <ItemGroup>
    <ClCompile Include="TonicEnginePCH.cpp">
      <Filter>Source Files</Filter>
    </ClCompile>
    <ClCompile Include="ResourceManager.cpp">
      <Filter>Source Files</Filter>
    </ClCompile>
    <ClCompile Include="Renderer.cpp">
      <Filter>Source Files</Filter>
    </ClCompile>
    <ClCompile Include="Texture2D.cpp">
      <Filter>Source Files</Filter>
    </ClCompile>
    <ClCompile Include="GameObject.cpp">
      <Filter>Source Files</Filter>
    </ClCompile>
    <ClCompile Include="Transform.cpp">
      <Filter>Source Files</Filter>
    </ClCompile>
    <ClCompile Include="Scene.cpp">
      <Filter>Source Files</Filter>
    </ClCompile>
    <ClCompile Include="SceneManager.cpp">
      <Filter>Source Files</Filter>
    </ClCompile>
    <ClCompile Include="Font.cpp">
      <Filter>Source Files</Filter>
    </ClCompile>
    <ClCompile Include="Main.cpp">
      <Filter>Source Files</Filter>
    </ClCompile>
    <ClCompile Include="TonicEngine.cpp">
      <Filter>Source Files</Filter>
    </ClCompile>
    <ClCompile Include="Component.cpp">
      <Filter>Component Files</Filter>
    </ClCompile>
    <ClCompile Include="TextComponent.cpp">
      <Filter>Component Files</Filter>
    </ClCompile>
    <ClCompile Include="RenderComponent.cpp">
      <Filter>Component Files</Filter>
    </ClCompile>
    <ClCompile Include="FPSComponent.cpp">
      <Filter>Component Files</Filter>
    </ClCompile>
    <ClCompile Include="ImageComponent.cpp">
      <Filter>Component Files</Filter>
    </ClCompile>
    <ClCompile Include="..\3rdParty\imgui-1.81\imgui.cpp">
      <Filter>imgui</Filter>
    </ClCompile>
    <ClCompile Include="..\3rdParty\imgui-1.81\imgui_demo.cpp">
      <Filter>imgui</Filter>
    </ClCompile>
    <ClCompile Include="..\3rdParty\imgui-1.81\imgui_draw.cpp">
      <Filter>imgui</Filter>
    </ClCompile>
    <ClCompile Include="..\3rdParty\imgui-1.81\imgui_tables.cpp">
      <Filter>imgui</Filter>
    </ClCompile>
    <ClCompile Include="..\3rdParty\imgui-1.81\imgui_widgets.cpp">
      <Filter>imgui</Filter>
    </ClCompile>
    <ClCompile Include="..\3rdParty\imgui-1.81\backends\imgui_impl_opengl2.cpp">
      <Filter>imgui</Filter>
    </ClCompile>
    <ClCompile Include="..\3rdParty\imgui-1.81\backends\imgui_impl_sdl.cpp">
      <Filter>imgui</Filter>
    </ClCompile>
    <ClCompile Include="InputManager.cpp">
      <Filter>Input</Filter>
    </ClCompile>
    <ClCompile Include="Command.cpp">
      <Filter>Input</Filter>
    </ClCompile>
    <ClCompile Include="CharacterComponent.cpp">
      <Filter>Component Files</Filter>
    </ClCompile>
    <ClCompile Include="Observer.cpp">
      <Filter>Observers</Filter>
    </ClCompile>
    <ClCompile Include="Subject.cpp">
      <Filter>Observers</Filter>
    </ClCompile>
    <ClCompile Include="HealthComponent.cpp">
      <Filter>Component Files</Filter>
    </ClCompile>
    <ClCompile Include="HealthDisplay.cpp">
      <Filter>Observers</Filter>
    </ClCompile>
    <ClCompile Include="ScoreDisplay.cpp">
      <Filter>Observers</Filter>
    </ClCompile>
    <ClCompile Include="AudioSystem.cpp">
      <Filter>Sound</Filter>
    </ClCompile>
    <ClCompile Include="SDLAudio.cpp">
      <Filter>Sound</Filter>
    </ClCompile>
    <ClCompile Include="AudioLocator.cpp">
      <Filter>ServiceLocators</Filter>
    </ClCompile>
    <ClCompile Include="NullAudio.cpp">
      <Filter>Sound</Filter>
    </ClCompile>
    <ClCompile Include="LogAudio.cpp">
      <Filter>Sound</Filter>
    </ClCompile>
  </ItemGroup>
</Project>